// !$*UTF8*$!
{
	archiveVersion = 1;
	classes = {
	};
	objectVersion = 77;
	objects = {

/* Begin PBXContainerItemProxy section */
		E34665FE2E7FF59900927D27 /* PBXContainerItemProxy */ = {
			isa = PBXContainerItemProxy;
			containerPortal = E34665E72E7FF59900927D27 /* Project object */;
			proxyType = 1;
			remoteGlobalIDString = E34665EE2E7FF59900927D27;
			remoteInfo = Sounds;
		};
		E34666082E7FF59900927D27 /* PBXContainerItemProxy */ = {
			isa = PBXContainerItemProxy;
			containerPortal = E34665E72E7FF59900927D27 /* Project object */;
			proxyType = 1;
			remoteGlobalIDString = E34665EE2E7FF59900927D27;
			remoteInfo = Sounds;
		};
/* End PBXContainerItemProxy section */

/* Begin PBXFileReference section */
		E34665EF2E7FF59900927D27 /* Sounds.app */ = {isa = PBXFileReference; explicitFileType = wrapper.application; includeInIndex = 0; path = Sounds.app; sourceTree = BUILT_PRODUCTS_DIR; };
		E34665FD2E7FF59900927D27 /* SoundsTests.xctest */ = {isa = PBXFileReference; explicitFileType = wrapper.cfbundle; includeInIndex = 0; path = SoundsTests.xctest; sourceTree = BUILT_PRODUCTS_DIR; };
		E34666072E7FF59900927D27 /* SoundsUITests.xctest */ = {isa = PBXFileReference; explicitFileType = wrapper.cfbundle; includeInIndex = 0; path = SoundsUITests.xctest; sourceTree = BUILT_PRODUCTS_DIR; };
/* End PBXFileReference section */

/* Begin PBXFileSystemSynchronizedRootGroup section */
		E34665F12E7FF59900927D27 /* Sounds */ = {
			isa = PBXFileSystemSynchronizedRootGroup;
			path = Sounds;
			sourceTree = "<group>";
		};
		E34666002E7FF59900927D27 /* SoundsTests */ = {
			isa = PBXFileSystemSynchronizedRootGroup;
			path = SoundsTests;
			sourceTree = "<group>";
		};
		E346660A2E7FF59900927D27 /* SoundsUITests */ = {
			isa = PBXFileSystemSynchronizedRootGroup;
			path = SoundsUITests;
			sourceTree = "<group>";
		};
/* End PBXFileSystemSynchronizedRootGroup section */

/* Begin PBXFrameworksBuildPhase section */
		E34665EC2E7FF59900927D27 /* Frameworks */ = {
			isa = PBXFrameworksBuildPhase;
			buildActionMask = 2147483647;
			files = (
			);
			runOnlyForDeploymentPostprocessing = 0;
		};
		E34665FA2E7FF59900927D27 /* Frameworks */ = {
			isa = PBXFrameworksBuildPhase;
			buildActionMask = 2147483647;
			files = (
			);
			runOnlyForDeploymentPostprocessing = 0;
		};
		E34666042E7FF59900927D27 /* Frameworks */ = {
			isa = PBXFrameworksBuildPhase;
			buildActionMask = 2147483647;
			files = (
			);
			runOnlyForDeploymentPostprocessing = 0;
		};
/* End PBXFrameworksBuildPhase section */

/* Begin PBXGroup section */
		E34665E62E7FF59900927D27 = {
			isa = PBXGroup;
			children = (
				E34665F12E7FF59900927D27 /* Sounds */,
				E34666002E7FF59900927D27 /* SoundsTests */,
				E346660A2E7FF59900927D27 /* SoundsUITests */,
				E34665F02E7FF59900927D27 /* Products */,
			);
			sourceTree = "<group>";
		};
		E34665F02E7FF59900927D27 /* Products */ = {
			isa = PBXGroup;
			children = (
				E34665EF2E7FF59900927D27 /* Sounds.app */,
				E34665FD2E7FF59900927D27 /* SoundsTests.xctest */,
				E34666072E7FF59900927D27 /* SoundsUITests.xctest */,
			);
			name = Products;
			sourceTree = "<group>";
		};
/* End PBXGroup section */

/* Begin PBXNativeTarget section */
		E34665EE2E7FF59900927D27 /* Sounds */ = {
			isa = PBXNativeTarget;
			buildConfigurationList = E34666112E7FF59900927D27 /* Build configuration list for PBXNativeTarget "Sounds" */;
			buildPhases = (
				E34665EB2E7FF59900927D27 /* Sources */,
				E34665EC2E7FF59900927D27 /* Frameworks */,
				E34665ED2E7FF59900927D27 /* Resources */,
			);
			buildRules = (
			);
			dependencies = (
			);
			fileSystemSynchronizedGroups = (
				E34665F12E7FF59900927D27 /* Sounds */,
			);
			name = Sounds;
			packageProductDependencies = (
			);
			productName = Sounds;
			productReference = E34665EF2E7FF59900927D27 /* Sounds.app */;
			productType = "com.apple.product-type.application";
		};
		E34665FC2E7FF59900927D27 /* SoundsTests */ = {
			isa = PBXNativeTarget;
			buildConfigurationList = E34666142E7FF59900927D27 /* Build configuration list for PBXNativeTarget "SoundsTests" */;
			buildPhases = (
				E34665F92E7FF59900927D27 /* Sources */,
				E34665FA2E7FF59900927D27 /* Frameworks */,
				E34665FB2E7FF59900927D27 /* Resources */,
			);
			buildRules = (
			);
			dependencies = (
				E34665FF2E7FF59900927D27 /* PBXTargetDependency */,
			);
			fileSystemSynchronizedGroups = (
				E34666002E7FF59900927D27 /* SoundsTests */,
			);
			name = SoundsTests;
			packageProductDependencies = (
			);
			productName = SoundsTests;
			productReference = E34665FD2E7FF59900927D27 /* SoundsTests.xctest */;
			productType = "com.apple.product-type.bundle.unit-test";
		};
		E34666062E7FF59900927D27 /* SoundsUITests */ = {
			isa = PBXNativeTarget;
			buildConfigurationList = E34666172E7FF59900927D27 /* Build configuration list for PBXNativeTarget "SoundsUITests" */;
			buildPhases = (
				E34666032E7FF59900927D27 /* Sources */,
				E34666042E7FF59900927D27 /* Frameworks */,
				E34666052E7FF59900927D27 /* Resources */,
			);
			buildRules = (
			);
			dependencies = (
				E34666092E7FF59900927D27 /* PBXTargetDependency */,
			);
			fileSystemSynchronizedGroups = (
				E346660A2E7FF59900927D27 /* SoundsUITests */,
			);
			name = SoundsUITests;
			packageProductDependencies = (
			);
			productName = SoundsUITests;
			productReference = E34666072E7FF59900927D27 /* SoundsUITests.xctest */;
			productType = "com.apple.product-type.bundle.ui-testing";
		};
/* End PBXNativeTarget section */

/* Begin PBXProject section */
		E34665E72E7FF59900927D27 /* Project object */ = {
			isa = PBXProject;
			attributes = {
				BuildIndependentTargetsInParallel = 1;
				LastSwiftUpdateCheck = 1640;
				LastUpgradeCheck = 1640;
				TargetAttributes = {
					E34665EE2E7FF59900927D27 = {
						CreatedOnToolsVersion = 16.4;
					};
					E34665FC2E7FF59900927D27 = {
						CreatedOnToolsVersion = 16.4;
						TestTargetID = E34665EE2E7FF59900927D27;
					};
					E34666062E7FF59900927D27 = {
						CreatedOnToolsVersion = 16.4;
						TestTargetID = E34665EE2E7FF59900927D27;
					};
				};
			};
			buildConfigurationList = E34665EA2E7FF59900927D27 /* Build configuration list for PBXProject "Sounds" */;
			developmentRegion = en;
			hasScannedForEncodings = 0;
			knownRegions = (
				en,
				Base,
			);
			mainGroup = E34665E62E7FF59900927D27;
			minimizedProjectReferenceProxies = 1;
			preferredProjectObjectVersion = 77;
			productRefGroup = E34665F02E7FF59900927D27 /* Products */;
			projectDirPath = "";
			projectRoot = "";
			targets = (
				E34665EE2E7FF59900927D27 /* Sounds */,
				E34665FC2E7FF59900927D27 /* SoundsTests */,
				E34666062E7FF59900927D27 /* SoundsUITests */,
			);
		};
/* End PBXProject section */

/* Begin PBXResourcesBuildPhase section */
		E34665ED2E7FF59900927D27 /* Resources */ = {
			isa = PBXResourcesBuildPhase;
			buildActionMask = 2147483647;
			files = (
			);
			runOnlyForDeploymentPostprocessing = 0;
		};
		E34665FB2E7FF59900927D27 /* Resources */ = {
			isa = PBXResourcesBuildPhase;
			buildActionMask = 2147483647;
			files = (
			);
			runOnlyForDeploymentPostprocessing = 0;
		};
		E34666052E7FF59900927D27 /* Resources */ = {
			isa = PBXResourcesBuildPhase;
			buildActionMask = 2147483647;
			files = (
			);
			runOnlyForDeploymentPostprocessing = 0;
		};
/* End PBXResourcesBuildPhase section */

/* Begin PBXSourcesBuildPhase section */
		E34665EB2E7FF59900927D27 /* Sources */ = {
			isa = PBXSourcesBuildPhase;
			buildActionMask = 2147483647;
			files = (
			);
			runOnlyForDeploymentPostprocessing = 0;
		};
		E34665F92E7FF59900927D27 /* Sources */ = {
			isa = PBXSourcesBuildPhase;
			buildActionMask = 2147483647;
			files = (
			);
			runOnlyForDeploymentPostprocessing = 0;
		};
		E34666032E7FF59900927D27 /* Sources */ = {
			isa = PBXSourcesBuildPhase;
			buildActionMask = 2147483647;
			files = (
			);
			runOnlyForDeploymentPostprocessing = 0;
		};
/* End PBXSourcesBuildPhase section */

/* Begin PBXTargetDependency section */
		E34665FF2E7FF59900927D27 /* PBXTargetDependency */ = {
			isa = PBXTargetDependency;
			target = E34665EE2E7FF59900927D27 /* Sounds */;
			targetProxy = E34665FE2E7FF59900927D27 /* PBXContainerItemProxy */;
		};
		E34666092E7FF59900927D27 /* PBXTargetDependency */ = {
			isa = PBXTargetDependency;
			target = E34665EE2E7FF59900927D27 /* Sounds */;
			targetProxy = E34666082E7FF59900927D27 /* PBXContainerItemProxy */;
		};
/* End PBXTargetDependency section */

/* Begin XCBuildConfiguration section */
		E346660F2E7FF59900927D27 /* Debug */ = {
			isa = XCBuildConfiguration;
			buildSettings = {
				ALWAYS_SEARCH_USER_PATHS = NO;
				ASSETCATALOG_COMPILER_GENERATE_SWIFT_ASSET_SYMBOL_EXTENSIONS = YES;
				CLANG_ANALYZER_NONNULL = YES;
				CLANG_ANALYZER_NUMBER_OBJECT_CONVERSION = YES_AGGRESSIVE;
				CLANG_CXX_LANGUAGE_STANDARD = "gnu++20";
				CLANG_ENABLE_MODULES = YES;
				CLANG_ENABLE_OBJC_ARC = YES;
				CLANG_ENABLE_OBJC_WEAK = YES;
				CLANG_WARN_BLOCK_CAPTURE_AUTORELEASING = YES;
				CLANG_WARN_BOOL_CONVERSION = YES;
				CLANG_WARN_COMMA = YES;
				CLANG_WARN_CONSTANT_CONVERSION = YES;
				CLANG_WARN_DEPRECATED_OBJC_IMPLEMENTATIONS = YES;
				CLANG_WARN_DIRECT_OBJC_ISA_USAGE = YES_ERROR;
				CLANG_WARN_DOCUMENTATION_COMMENTS = YES;
				CLANG_WARN_EMPTY_BODY = YES;
				CLANG_WARN_ENUM_CONVERSION = YES;
				CLANG_WARN_INFINITE_RECURSION = YES;
				CLANG_WARN_INT_CONVERSION = YES;
				CLANG_WARN_NON_LITERAL_NULL_CONVERSION = YES;
				CLANG_WARN_OBJC_IMPLICIT_RETAIN_SELF = YES;
				CLANG_WARN_OBJC_LITERAL_CONVERSION = YES;
				CLANG_WARN_OBJC_ROOT_CLASS = YES_ERROR;
				CLANG_WARN_QUOTED_INCLUDE_IN_FRAMEWORK_HEADER = YES;
				CLANG_WARN_RANGE_LOOP_ANALYSIS = YES;
				CLANG_WARN_STRICT_PROTOTYPES = YES;
				CLANG_WARN_SUSPICIOUS_MOVE = YES;
				CLANG_WARN_UNGUARDED_AVAILABILITY = YES_AGGRESSIVE;
				CLANG_WARN_UNREACHABLE_CODE = YES;
				CLANG_WARN__DUPLICATE_METHOD_MATCH = YES;
				COPY_PHASE_STRIP = NO;
				DEBUG_INFORMATION_FORMAT = dwarf;
				DEVELOPMENT_TEAM = QTL3ZJFVAP;
				ENABLE_STRICT_OBJC_MSGSEND = YES;
				ENABLE_TESTABILITY = YES;
				ENABLE_USER_SCRIPT_SANDBOXING = YES;
				GCC_C_LANGUAGE_STANDARD = gnu17;
				GCC_DYNAMIC_NO_PIC = NO;
				GCC_NO_COMMON_BLOCKS = YES;
				GCC_OPTIMIZATION_LEVEL = 0;
				GCC_PREPROCESSOR_DEFINITIONS = (
					"DEBUG=1",
					"$(inherited)",
				);
				GCC_WARN_64_TO_32_BIT_CONVERSION = YES;
				GCC_WARN_ABOUT_RETURN_TYPE = YES_ERROR;
				GCC_WARN_UNDECLARED_SELECTOR = YES;
				GCC_WARN_UNINITIALIZED_AUTOS = YES_AGGRESSIVE;
				GCC_WARN_UNUSED_FUNCTION = YES;
				GCC_WARN_UNUSED_VARIABLE = YES;
				LOCALIZATION_PREFERS_STRING_CATALOGS = YES;
				MACOSX_DEPLOYMENT_TARGET = 15.5;
				MTL_ENABLE_DEBUG_INFO = INCLUDE_SOURCE;
				MTL_FAST_MATH = YES;
				ONLY_ACTIVE_ARCH = YES;
				SDKROOT = macosx;
				SWIFT_ACTIVE_COMPILATION_CONDITIONS = "DEBUG $(inherited)";
				SWIFT_OPTIMIZATION_LEVEL = "-Onone";
			};
			name = Debug;
		};
		E34666102E7FF59900927D27 /* Release */ = {
			isa = XCBuildConfiguration;
			buildSettings = {
				ALWAYS_SEARCH_USER_PATHS = NO;
				ASSETCATALOG_COMPILER_GENERATE_SWIFT_ASSET_SYMBOL_EXTENSIONS = YES;
				CLANG_ANALYZER_NONNULL = YES;
				CLANG_ANALYZER_NUMBER_OBJECT_CONVERSION = YES_AGGRESSIVE;
				CLANG_CXX_LANGUAGE_STANDARD = "gnu++20";
				CLANG_ENABLE_MODULES = YES;
				CLANG_ENABLE_OBJC_ARC = YES;
				CLANG_ENABLE_OBJC_WEAK = YES;
				CLANG_WARN_BLOCK_CAPTURE_AUTORELEASING = YES;
				CLANG_WARN_BOOL_CONVERSION = YES;
				CLANG_WARN_COMMA = YES;
				CLANG_WARN_CONSTANT_CONVERSION = YES;
				CLANG_WARN_DEPRECATED_OBJC_IMPLEMENTATIONS = YES;
				CLANG_WARN_DIRECT_OBJC_ISA_USAGE = YES_ERROR;
				CLANG_WARN_DOCUMENTATION_COMMENTS = YES;
				CLANG_WARN_EMPTY_BODY = YES;
				CLANG_WARN_ENUM_CONVERSION = YES;
				CLANG_WARN_INFINITE_RECURSION = YES;
				CLANG_WARN_INT_CONVERSION = YES;
				CLANG_WARN_NON_LITERAL_NULL_CONVERSION = YES;
				CLANG_WARN_OBJC_IMPLICIT_RETAIN_SELF = YES;
				CLANG_WARN_OBJC_LITERAL_CONVERSION = YES;
				CLANG_WARN_OBJC_ROOT_CLASS = YES_ERROR;
				CLANG_WARN_QUOTED_INCLUDE_IN_FRAMEWORK_HEADER = YES;
				CLANG_WARN_RANGE_LOOP_ANALYSIS = YES;
				CLANG_WARN_STRICT_PROTOTYPES = YES;
				CLANG_WARN_SUSPICIOUS_MOVE = YES;
				CLANG_WARN_UNGUARDED_AVAILABILITY = YES_AGGRESSIVE;
				CLANG_WARN_UNREACHABLE_CODE = YES;
				CLANG_WARN__DUPLICATE_METHOD_MATCH = YES;
				COPY_PHASE_STRIP = NO;
				DEBUG_INFORMATION_FORMAT = "dwarf-with-dsym";
				DEVELOPMENT_TEAM = QTL3ZJFVAP;
				ENABLE_NS_ASSERTIONS = NO;
				ENABLE_STRICT_OBJC_MSGSEND = YES;
				ENABLE_USER_SCRIPT_SANDBOXING = YES;
				GCC_C_LANGUAGE_STANDARD = gnu17;
				GCC_NO_COMMON_BLOCKS = YES;
				GCC_WARN_64_TO_32_BIT_CONVERSION = YES;
				GCC_WARN_ABOUT_RETURN_TYPE = YES_ERROR;
				GCC_WARN_UNDECLARED_SELECTOR = YES;
				GCC_WARN_UNINITIALIZED_AUTOS = YES_AGGRESSIVE;
				GCC_WARN_UNUSED_FUNCTION = YES;
				GCC_WARN_UNUSED_VARIABLE = YES;
				LOCALIZATION_PREFERS_STRING_CATALOGS = YES;
				MACOSX_DEPLOYMENT_TARGET = 15.5;
				MTL_ENABLE_DEBUG_INFO = NO;
				MTL_FAST_MATH = YES;
				SDKROOT = macosx;
				SWIFT_COMPILATION_MODE = wholemodule;
			};
			name = Release;
		};
		E34666122E7FF59900927D27 /* Debug */ = {
			isa = XCBuildConfiguration;
			buildSettings = {
				ASSETCATALOG_COMPILER_APPICON_NAME = AppIcon;
				ASSETCATALOG_COMPILER_GLOBAL_ACCENT_COLOR_NAME = AccentColor;
				CODE_SIGN_ENTITLEMENTS = Sounds/Sounds.entitlements;
				CODE_SIGN_STYLE = Automatic;
				COMBINE_HIDPI_IMAGES = YES;
				CURRENT_PROJECT_VERSION = 1;
				DEVELOPMENT_TEAM = QTL3ZJFVAP;
				ENABLE_HARDENED_RUNTIME = YES;
				ENABLE_PREVIEWS = YES;
				GENERATE_INFOPLIST_FILE = YES;
				INFOPLIST_KEY_NSHumanReadableCopyright = "";
				LD_RUNPATH_SEARCH_PATHS = (
					"$(inherited)",
					"@executable_path/../Frameworks",
				);
				MARKETING_VERSION = 1.0;
				PRODUCT_BUNDLE_IDENTIFIER = com.tgray.Sounds;
				PRODUCT_NAME = "$(TARGET_NAME)";
				REGISTER_APP_GROUPS = YES;
				SWIFT_EMIT_LOC_STRINGS = YES;
				SWIFT_VERSION = 5.0;
			};
			name = Debug;
		};
		E34666132E7FF59900927D27 /* Release */ = {
			isa = XCBuildConfiguration;
			buildSettings = {
				ASSETCATALOG_COMPILER_APPICON_NAME = AppIcon;
				ASSETCATALOG_COMPILER_GLOBAL_ACCENT_COLOR_NAME = AccentColor;
				CODE_SIGN_ENTITLEMENTS = Sounds/Sounds.entitlements;
				CODE_SIGN_STYLE = Automatic;
				COMBINE_HIDPI_IMAGES = YES;
				CURRENT_PROJECT_VERSION = 1;
				DEVELOPMENT_TEAM = QTL3ZJFVAP;
				ENABLE_HARDENED_RUNTIME = YES;
				ENABLE_PREVIEWS = YES;
				GENERATE_INFOPLIST_FILE = YES;
				INFOPLIST_KEY_NSHumanReadableCopyright = "";
				LD_RUNPATH_SEARCH_PATHS = (
					"$(inherited)",
					"@executable_path/../Frameworks",
				);
				MARKETING_VERSION = 1.0;
				PRODUCT_BUNDLE_IDENTIFIER = com.tgray.Sounds;
				PRODUCT_NAME = "$(TARGET_NAME)";
				REGISTER_APP_GROUPS = YES;
				SWIFT_EMIT_LOC_STRINGS = YES;
				SWIFT_VERSION = 5.0;
			};
			name = Release;
		};
		E34666152E7FF59900927D27 /* Debug */ = {
			isa = XCBuildConfiguration;
			buildSettings = {
				BUNDLE_LOADER = "$(TEST_HOST)";
				CODE_SIGN_STYLE = Automatic;
				CURRENT_PROJECT_VERSION = 1;
				DEVELOPMENT_TEAM = QTL3ZJFVAP;
				GENERATE_INFOPLIST_FILE = YES;
				MACOSX_DEPLOYMENT_TARGET = 15.5;
				MARKETING_VERSION = 1.0;
				PRODUCT_BUNDLE_IDENTIFIER = com.tgray.SoundsTests;
				PRODUCT_NAME = "$(TARGET_NAME)";
				SWIFT_EMIT_LOC_STRINGS = NO;
				SWIFT_VERSION = 5.0;
				TEST_HOST = "$(BUILT_PRODUCTS_DIR)/Sounds.app/$(BUNDLE_EXECUTABLE_FOLDER_PATH)/Sounds";
			};
			name = Debug;
		};
		E34666162E7FF59900927D27 /* Release */ = {
			isa = XCBuildConfiguration;
			buildSettings = {
				BUNDLE_LOADER = "$(TEST_HOST)";
				CODE_SIGN_STYLE = Automatic;
				CURRENT_PROJECT_VERSION = 1;
				DEVELOPMENT_TEAM = QTL3ZJFVAP;
				GENERATE_INFOPLIST_FILE = YES;
				MACOSX_DEPLOYMENT_TARGET = 15.5;
				MARKETING_VERSION = 1.0;
				PRODUCT_BUNDLE_IDENTIFIER = com.tgray.SoundsTests;
				PRODUCT_NAME = "$(TARGET_NAME)";
				SWIFT_EMIT_LOC_STRINGS = NO;
				SWIFT_VERSION = 5.0;
				TEST_HOST = "$(BUILT_PRODUCTS_DIR)/Sounds.app/$(BUNDLE_EXECUTABLE_FOLDER_PATH)/Sounds";
			};
			name = Release;
		};
		E34666182E7FF59900927D27 /* Debug */ = {
			isa = XCBuildConfiguration;
			buildSettings = {
				CODE_SIGN_STYLE = Automatic;
				CURRENT_PROJECT_VERSION = 1;
				DEVELOPMENT_TEAM = QTL3ZJFVAP;
				GENERATE_INFOPLIST_FILE = YES;
				MARKETING_VERSION = 1.0;
				PRODUCT_BUNDLE_IDENTIFIER = com.tgray.SoundsUITests;
				PRODUCT_NAME = "$(TARGET_NAME)";
				SWIFT_EMIT_LOC_STRINGS = NO;
				SWIFT_VERSION = 5.0;
				TEST_TARGET_NAME = Sounds;
			};
			name = Debug;
		};
		E34666192E7FF59900927D27 /* Release */ = {
			isa = XCBuildConfiguration;
			buildSettings = {
				CODE_SIGN_STYLE = Automatic;
				CURRENT_PROJECT_VERSION = 1;
				DEVELOPMENT_TEAM = QTL3ZJFVAP;
				GENERATE_INFOPLIST_FILE = YES;
				MARKETING_VERSION = 1.0;
				PRODUCT_BUNDLE_IDENTIFIER = com.tgray.SoundsUITests;
				PRODUCT_NAME = "$(TARGET_NAME)";
				SWIFT_EMIT_LOC_STRINGS = NO;
				SWIFT_VERSION = 5.0;
				TEST_TARGET_NAME = Sounds;
			};
			name = Release;
		};
/* End XCBuildConfiguration section */

/* Begin XCConfigurationList section */
		E34665EA2E7FF59900927D27 /* Build configuration list for PBXProject "Sounds" */ = {
			isa = XCConfigurationList;
			buildConfigurations = (
				E346660F2E7FF59900927D27 /* Debug */,
				E34666102E7FF59900927D27 /* Release */,
			);
			defaultConfigurationIsVisible = 0;
			defaultConfigurationName = Release;
		};
		E34666112E7FF59900927D27 /* Build configuration list for PBXNativeTarget "Sounds" */ = {
			isa = XCConfigurationList;
			buildConfigurations = (
				E34666122E7FF59900927D27 /* Debug */,
				E34666132E7FF59900927D27 /* Release */,
			);
			defaultConfigurationIsVisible = 0;
			defaultConfigurationName = Release;
		};
		E34666142E7FF59900927D27 /* Build configuration list for PBXNativeTarget "SoundsTests" */ = {
			isa = XCConfigurationList;
			buildConfigurations = (
				E34666152E7FF59900927D27 /* Debug */,
				E34666162E7FF59900927D27 /* Release */,
			);
			defaultConfigurationIsVisible = 0;
			defaultConfigurationName = Release;
		};
		E34666172E7FF59900927D27 /* Build configuration list for PBXNativeTarget "SoundsUITests" */ = {
			isa = XCConfigurationList;
			buildConfigurations = (
				E34666182E7FF59900927D27 /* Debug */,
				E34666192E7FF59900927D27 /* Release */,
			);
			defaultConfigurationIsVisible = 0;
			defaultConfigurationName = Release;
		};
/* End XCConfigurationList section */
	};
	rootObject = E34665E72E7FF59900927D27 /* Project object */;
}
